<?xml version="1.0" encoding="utf-8"?>
<Project ToolsVersion="4.0" xmlns="http://schemas.microsoft.com/developer/msbuild/2003">
  <ItemGroup>
    <Filter Include="Source Files">
      <UniqueIdentifier>{4FC737F1-C7A5-4376-A066-2A32D752A2FF}</UniqueIdentifier>
      <Extensions>cpp;c;cc;cxx;def;odl;idl;hpj;bat;asm;asmx</Extensions>
    </Filter>
    <Filter Include="Header Files">
      <UniqueIdentifier>{93995380-89BD-4b04-88EB-625FBE52EBFB}</UniqueIdentifier>
      <Extensions>h;hh;hpp;hxx;hm;inl;inc;ipp;xsd</Extensions>
    </Filter>
    <Filter Include="Resource Files">
      <UniqueIdentifier>{67DA6AB6-F800-4c08-8B7A-83BB121AAD01}</UniqueIdentifier>
      <Extensions>rc;ico;cur;bmp;dlg;rc2;rct;bin;rgs;gif;jpg;jpeg;jpe;resx;tiff;tif;png;wav;mfcribbon-ms</Extensions>
    </Filter>
  </ItemGroup>
  <ItemGroup>
    <ClCompile Include="main.cpp">
      <Filter>Source Files</Filter>
    </ClCompile>
    <ClCompile Include="Move.cpp">
      <Filter>Source Files</Filter>
    </ClCompile>
    <ClCompile Include="StaticMove.cpp">
      <Filter>Source Files</Filter>
    </ClCompile>
    <ClCompile Include="BidirectionalMove.cpp">
      <Filter>Source Files</Filter>
    </ClCompile>
    <ClCompile Include="GameInfo.cpp">
      <Filter>Source Files</Filter>
    </ClCompile>
    <ClCompile Include="Menu.cpp">
      <Filter>Source Files</Filter>
    </ClCompile>
    <ClCompile Include="Board.cpp">
      <Filter>Source Files</Filter>
    </ClCompile>
    <ClCompile Include="GameItem.cpp">
      <Filter>Source Files</Filter>
    </ClCompile>
    <ClCompile Include="StaticItem.cpp">
      <Filter>Source Files</Filter>
    </ClCompile>
    <ClCompile Include="DynamicItem.cpp">
      <Filter>Source Files</Filter>
    </ClCompile>
    <ClCompile Include="Gift.cpp">
      <Filter>Source Files</Filter>
    </ClCompile>
    <ClCompile Include="Controller.cpp">
      <Filter>Source Files</Filter>
    </ClCompile>
    <ClCompile Include="Player.cpp">
      <Filter>Source Files</Filter>
    </ClCompile>
    <ClCompile Include="Rock.cpp">
      <Filter>Source Files</Filter>
    </ClCompile>
    <ClCompile Include="Thief.cpp">
      <Filter>Source Files</Filter>
    </ClCompile>
    <ClCompile Include="Demon.cpp">
      <Filter>Source Files</Filter>
    </ClCompile>
    <ClCompile Include="Clock.cpp">
      <Filter>Source Files</Filter>
    </ClCompile>
    <ClCompile Include="Coin.cpp">
      <Filter>Source Files</Filter>
    </ClCompile>
    <ClCompile Include="StartScreen.cpp">
      <Filter>Source Files</Filter>
    </ClCompile>
    <ClCompile Include="Factory.cpp">
      <Filter>Source Files</Filter>
    </ClCompile>
    <ClCompile Include="Level.cpp">
      <Filter>Source Files</Filter>
    </ClCompile>
    <ClCompile Include="CollisionHandling.cpp">
      <Filter>Source Files</Filter>
    </ClCompile>
    <ClCompile Include="Command.cpp">
      <Filter>Source Files</Filter>
    </ClCompile>
    <ClCompile Include="Enemy.cpp">
      <Filter>Source Files</Filter>
    </ClCompile>
    <ClCompile Include="State.cpp">
      <Filter>Source Files</Filter>
    </ClCompile>
    <ClCompile Include="Walk.cpp">
      <Filter>Source Files</Filter>
    </ClCompile>
    <ClCompile Include="Jump.cpp">
      <Filter>Source Files</Filter>
    </ClCompile>
    <ClCompile Include="Duck.cpp">
      <Filter>Source Files</Filter>
    </ClCompile>
    <ClCompile Include="Hop.cpp">
      <Filter>Source Files</Filter>
    </ClCompile>
    <ClCompile Include="RestartCommand.cpp">
      <Filter>Source Files</Filter>
    </ClCompile>
    <ClCompile Include="ExitCommand.cpp">
      <Filter>Source Files</Filter>
    </ClCompile>
    <ClCompile Include="ResourceManager.cpp">
      <Filter>Source Files</Filter>
    </ClCompile>
    <ClCompile Include="BubblePlayer.cpp">
      <Filter>Source Files</Filter>
    </ClCompile>
    <ClCompile Include="RegularPlayer.cpp">
      <Filter>Source Files</Filter>
    </ClCompile>
    <ClCompile Include="TextureChanger.cpp">
      <Filter>Source Files</Filter>
    </ClCompile>
    <ClCompile Include="Freeze.cpp">
      <Filter>Source Files</Filter>
    </ClCompile>
    <ClCompile Include="Weapon.cpp">
      <Filter>Source Files</Filter>
    </ClCompile>
    <ClCompile Include="Baguette.cpp">
      <Filter>Source Files</Filter>
    </ClCompile>
    <ClCompile Include="SpiralMove.cpp">
      <Filter>Source Files</Filter>
    </ClCompile>
    <ClCompile Include="ClockMove.cpp">
      <Filter>Source Files</Filter>
    </ClCompile>
    <ClCompile Include="HomeScreen.cpp">
      <Filter>Source Files</Filter>
    </ClCompile>
    <ClCompile Include="StartCommand.cpp">
      <Filter>Source Files</Filter>
    </ClCompile>
    <ClCompile Include="ExitGameCommand.cpp">
      <Filter>Source Files</Filter>
    </ClCompile>
    <ClCompile Include="GameExplain.cpp">
      <Filter>Source Files</Filter>
    </ClCompile>
  </ItemGroup>
  <ItemGroup>
    <ClInclude Include="Move.h">
      <Filter>Header Files</Filter>
    </ClInclude>
    <ClInclude Include="StaticMove.h">
      <Filter>Header Files</Filter>
    </ClInclude>
    <ClInclude Include="BidirectionalMove.h">
      <Filter>Header Files</Filter>
    </ClInclude>
    <ClInclude Include="GameInfo.h">
      <Filter>Header Files</Filter>
    </ClInclude>
    <ClInclude Include="Menu.h">
      <Filter>Header Files</Filter>
    </ClInclude>
    <ClInclude Include="Board.h">
      <Filter>Header Files</Filter>
    </ClInclude>
    <ClInclude Include="GameItem.h">
      <Filter>Header Files</Filter>
    </ClInclude>
    <ClInclude Include="StaticItem.h">
      <Filter>Header Files</Filter>
    </ClInclude>
    <ClInclude Include="DynamicItem.h">
      <Filter>Header Files</Filter>
    </ClInclude>
    <ClInclude Include="Gift.h">
      <Filter>Header Files</Filter>
    </ClInclude>
    <ClInclude Include="Controller.h">
      <Filter>Header Files</Filter>
    </ClInclude>
    <ClInclude Include="Player.h">
      <Filter>Header Files</Filter>
    </ClInclude>
    <ClInclude Include="Rock.h">
      <Filter>Header Files</Filter>
    </ClInclude>
    <ClInclude Include="Thief.h">
      <Filter>Header Files</Filter>
    </ClInclude>
    <ClInclude Include="Demon.h">
      <Filter>Header Files</Filter>
    </ClInclude>
    <ClInclude Include="Clock.h">
      <Filter>Header Files</Filter>
    </ClInclude>
    <ClInclude Include="Coin.h">
      <Filter>Header Files</Filter>
    </ClInclude>
    <ClInclude Include="StartScreen.h">
      <Filter>Header Files</Filter>
    </ClInclude>
    <ClInclude Include="Factory.h">
      <Filter>Header Files</Filter>
    </ClInclude>
    <ClInclude Include="Utils.h">
      <Filter>Header Files</Filter>
    </ClInclude>
    <ClInclude Include="Level.h">
      <Filter>Header Files</Filter>
    </ClInclude>
    <ClInclude Include="CollisionHandling.h">
      <Filter>Header Files</Filter>
    </ClInclude>
    <ClInclude Include="Command.h">
      <Filter>Header Files</Filter>
    </ClInclude>
    <ClInclude Include="Enemy.h">
      <Filter>Header Files</Filter>
    </ClInclude>
    <ClInclude Include="State.h">
      <Filter>Header Files</Filter>
    </ClInclude>
    <ClInclude Include="Walk.h">
      <Filter>Header Files</Filter>
    </ClInclude>
    <ClInclude Include="Jump.h">
      <Filter>Header Files</Filter>
    </ClInclude>
    <ClInclude Include="Duck.h">
      <Filter>Header Files</Filter>
    </ClInclude>
    <ClInclude Include="Hop.h">
      <Filter>Header Files</Filter>
    </ClInclude>
    <ClInclude Include="RestartCommand.h">
      <Filter>Header Files</Filter>
    </ClInclude>
    <ClInclude Include="ExitCommand.h">
      <Filter>Header Files</Filter>
    </ClInclude>
    <ClInclude Include="ResourceManager.h">
      <Filter>Header Files</Filter>
    </ClInclude>
    <ClInclude Include="BubblePlayer.h">
      <Filter>Header Files</Filter>
    </ClInclude>
    <ClInclude Include="RegularPlayer.h">
      <Filter>Header Files</Filter>
    </ClInclude>
    <ClInclude Include="TextureChanger.h">
      <Filter>Header Files</Filter>
    </ClInclude>
    <ClInclude Include="Freeze.h">
      <Filter>Header Files</Filter>
    </ClInclude>
    <ClInclude Include="Weapon.h">
      <Filter>Header Files</Filter>
    </ClInclude>
    <ClInclude Include="Baguette.h">
      <Filter>Header Files</Filter>
    </ClInclude>
    <ClInclude Include="SpiralMove.h">
      <Filter>Header Files</Filter>
    </ClInclude>
    <ClInclude Include="ClockMove.h">
      <Filter>Header Files</Filter>
    </ClInclude>
    <ClInclude Include="HomeScreen.h">
      <Filter>Header Files</Filter>
    </ClInclude>
    <ClInclude Include="StartCommand.h">
      <Filter>Header Files</Filter>
    </ClInclude>
    <ClInclude Include="GameExplain.h">
      <Filter>Header Files</Filter>
    </ClInclude>
    <ClInclude Include="ExitGAmeCommand.h">
      <Filter>Header Files</Filter>
    </ClInclude>
    <ClInclude Include="Exceptions.h">
      <Filter>Header Files</Filter>
    </ClInclude>
  </ItemGroup>
  <ItemGroup>
    <None Include="ClassDiagram1.cd" />
    <None Include="ClassDiagram11.cd" />
    <None Include="ClassDiagram12.cd" />
  </ItemGroup>
  <ItemGroup>
    <Image Include="Background.png">
      <Filter>Resource Files</Filter>
    </Image>
    <Image Include="CoinCount.png">
      <Filter>Resource Files</Filter>
    </Image>
    <Image Include="Winner.jpg">
      <Filter>Resource Files</Filter>
    </Image>
    <Image Include="new.png">
      <Filter>Resource Files</Filter>
    </Image>
  </ItemGroup>
</Project>